// !$*UTF8*$!
{
	archiveVersion = 1;
	classes = {
	};
	objectVersion = 56;
	objects = {

/* Begin PBXBuildFile section */
		481E435C2C371DEF0079B847 /* AnimalListItemView.swift in Sources */ = {isa = PBXBuildFile; fileRef = 481E435B2C371DEF0079B847 /* AnimalListItemView.swift */; };
		481E435E2C3727BF0079B847 /* AnimalModel.swift in Sources */ = {isa = PBXBuildFile; fileRef = 481E435D2C3727BF0079B847 /* AnimalModel.swift */; };
		481E43602C3735400079B847 /* AnimalDetailView.swift in Sources */ = {isa = PBXBuildFile; fileRef = 481E435F2C3735400079B847 /* AnimalDetailView.swift */; };
		481E43622C373BBA0079B847 /* HeadingView.swift in Sources */ = {isa = PBXBuildFile; fileRef = 481E43612C373BBA0079B847 /* HeadingView.swift */; };
		481E43642C373E3B0079B847 /* InsetGalleryView.swift in Sources */ = {isa = PBXBuildFile; fileRef = 481E43632C373E3B0079B847 /* InsetGalleryView.swift */; };
		481E43662C3869D10079B847 /* InsectFactView.swift in Sources */ = {isa = PBXBuildFile; fileRef = 481E43652C3869D10079B847 /* InsectFactView.swift */; };
		481E43682C386F180079B847 /* InsetMapView.swift in Sources */ = {isa = PBXBuildFile; fileRef = 481E43672C386F180079B847 /* InsetMapView.swift */; };
		481E436A2C3877010079B847 /* ExternalWeblinkView.swift in Sources */ = {isa = PBXBuildFile; fileRef = 481E43692C3877010079B847 /* ExternalWeblinkView.swift */; };
		48CB5A372C35CDF30063E6B0 /* AfricaApp.swift in Sources */ = {isa = PBXBuildFile; fileRef = 48CB5A362C35CDF30063E6B0 /* AfricaApp.swift */; };
		48CB5A392C35CDF30063E6B0 /* ContentView.swift in Sources */ = {isa = PBXBuildFile; fileRef = 48CB5A382C35CDF30063E6B0 /* ContentView.swift */; };
		48CB5A3B2C35CDF60063E6B0 /* Assets.xcassets in Resources */ = {isa = PBXBuildFile; fileRef = 48CB5A3A2C35CDF60063E6B0 /* Assets.xcassets */; };
		48CB5A3E2C35CDF60063E6B0 /* Preview Assets.xcassets in Resources */ = {isa = PBXBuildFile; fileRef = 48CB5A3D2C35CDF60063E6B0 /* Preview Assets.xcassets */; };
		48CB5A4F2C35D1680063E6B0 /* giraffe.mp4 in Resources */ = {isa = PBXBuildFile; fileRef = 48CB5A452C35D1610063E6B0 /* giraffe.mp4 */; };
		48CB5A502C35D1680063E6B0 /* zebra.mp4 in Resources */ = {isa = PBXBuildFile; fileRef = 48CB5A462C35D1620063E6B0 /* zebra.mp4 */; };
		48CB5A512C35D1680063E6B0 /* rhino.mp4 in Resources */ = {isa = PBXBuildFile; fileRef = 48CB5A472C35D1630063E6B0 /* rhino.mp4 */; };
		48CB5A522C35D1680063E6B0 /* hippo.mp4 in Resources */ = {isa = PBXBuildFile; fileRef = 48CB5A482C35D1630063E6B0 /* hippo.mp4 */; };
		48CB5A532C35D1680063E6B0 /* elephant.mp4 in Resources */ = {isa = PBXBuildFile; fileRef = 48CB5A492C35D1640063E6B0 /* elephant.mp4 */; };
		48CB5A542C35D1680063E6B0 /* ostrich.mp4 in Resources */ = {isa = PBXBuildFile; fileRef = 48CB5A4A2C35D1650063E6B0 /* ostrich.mp4 */; };
		48CB5A552C35D1680063E6B0 /* gorilla.mp4 in Resources */ = {isa = PBXBuildFile; fileRef = 48CB5A4B2C35D1650063E6B0 /* gorilla.mp4 */; };
		48CB5A562C35D1680063E6B0 /* lioness.mp4 in Resources */ = {isa = PBXBuildFile; fileRef = 48CB5A4C2C35D1660063E6B0 /* lioness.mp4 */; };
		48CB5A572C35D1680063E6B0 /* lion.mp4 in Resources */ = {isa = PBXBuildFile; fileRef = 48CB5A4D2C35D1670063E6B0 /* lion.mp4 */; };
		48CB5A582C35D1680063E6B0 /* cheetah.mp4 in Resources */ = {isa = PBXBuildFile; fileRef = 48CB5A4E2C35D1680063E6B0 /* cheetah.mp4 */; };
		48CB5A5E2C35D25F0063E6B0 /* locations.json in Resources */ = {isa = PBXBuildFile; fileRef = 48CB5A5A2C35D25F0063E6B0 /* locations.json */; };
		48CB5A5F2C35D25F0063E6B0 /* covers.json in Resources */ = {isa = PBXBuildFile; fileRef = 48CB5A5B2C35D25F0063E6B0 /* covers.json */; };
		48CB5A602C35D25F0063E6B0 /* videos.json in Resources */ = {isa = PBXBuildFile; fileRef = 48CB5A5C2C35D25F0063E6B0 /* videos.json */; };
		48CB5A612C35D25F0063E6B0 /* animals.json in Resources */ = {isa = PBXBuildFile; fileRef = 48CB5A5D2C35D25F0063E6B0 /* animals.json */; };
		48CB5A652C35D7EB0063E6B0 /* VideoListView.swift in Sources */ = {isa = PBXBuildFile; fileRef = 48CB5A642C35D7EB0063E6B0 /* VideoListView.swift */; };
		48CB5A672C35D8040063E6B0 /* MapView.swift in Sources */ = {isa = PBXBuildFile; fileRef = 48CB5A662C35D8040063E6B0 /* MapView.swift */; };
		48CB5A692C35D81A0063E6B0 /* GalleryView.swift in Sources */ = {isa = PBXBuildFile; fileRef = 48CB5A682C35D81A0063E6B0 /* GalleryView.swift */; };
		48CB5A6B2C35D8230063E6B0 /* MainView.swift in Sources */ = {isa = PBXBuildFile; fileRef = 48CB5A6A2C35D8230063E6B0 /* MainView.swift */; };
		48CB5A6E2C35E31C0063E6B0 /* CoreImageView.swift in Sources */ = {isa = PBXBuildFile; fileRef = 48CB5A6D2C35E31C0063E6B0 /* CoreImageView.swift */; };
		48CB5A712C3645380063E6B0 /* CoverImageModel.swift in Sources */ = {isa = PBXBuildFile; fileRef = 48CB5A702C3645380063E6B0 /* CoverImageModel.swift */; };
		48CB5A742C3646910063E6B0 /* CodableBundleExtension.swift in Sources */ = {isa = PBXBuildFile; fileRef = 48CB5A732C3646910063E6B0 /* CodableBundleExtension.swift */; };
/* End PBXBuildFile section */

/* Begin PBXFileReference section */
		481E435B2C371DEF0079B847 /* AnimalListItemView.swift */ = {isa = PBXFileReference; lastKnownFileType = sourcecode.swift; path = AnimalListItemView.swift; sourceTree = "<group>"; };
		481E435D2C3727BF0079B847 /* AnimalModel.swift */ = {isa = PBXFileReference; lastKnownFileType = sourcecode.swift; path = AnimalModel.swift; sourceTree = "<group>"; };
		481E435F2C3735400079B847 /* AnimalDetailView.swift */ = {isa = PBXFileReference; lastKnownFileType = sourcecode.swift; path = AnimalDetailView.swift; sourceTree = "<group>"; };
		481E43612C373BBA0079B847 /* HeadingView.swift */ = {isa = PBXFileReference; lastKnownFileType = sourcecode.swift; path = HeadingView.swift; sourceTree = "<group>"; };
		481E43632C373E3B0079B847 /* InsetGalleryView.swift */ = {isa = PBXFileReference; lastKnownFileType = sourcecode.swift; path = InsetGalleryView.swift; sourceTree = "<group>"; };
		481E43652C3869D10079B847 /* InsectFactView.swift */ = {isa = PBXFileReference; lastKnownFileType = sourcecode.swift; path = InsectFactView.swift; sourceTree = "<group>"; };
		481E43672C386F180079B847 /* InsetMapView.swift */ = {isa = PBXFileReference; lastKnownFileType = sourcecode.swift; path = InsetMapView.swift; sourceTree = "<group>"; };
		481E43692C3877010079B847 /* ExternalWeblinkView.swift */ = {isa = PBXFileReference; lastKnownFileType = sourcecode.swift; path = ExternalWeblinkView.swift; sourceTree = "<group>"; };
		48CB5A332C35CDF30063E6B0 /* Africa.app */ = {isa = PBXFileReference; explicitFileType = wrapper.application; includeInIndex = 0; path = Africa.app; sourceTree = BUILT_PRODUCTS_DIR; };
		48CB5A362C35CDF30063E6B0 /* AfricaApp.swift */ = {isa = PBXFileReference; lastKnownFileType = sourcecode.swift; path = AfricaApp.swift; sourceTree = "<group>"; };
		48CB5A382C35CDF30063E6B0 /* ContentView.swift */ = {isa = PBXFileReference; lastKnownFileType = sourcecode.swift; path = ContentView.swift; sourceTree = "<group>"; };
		48CB5A3A2C35CDF60063E6B0 /* Assets.xcassets */ = {isa = PBXFileReference; lastKnownFileType = folder.assetcatalog; path = Assets.xcassets; sourceTree = "<group>"; };
		48CB5A3D2C35CDF60063E6B0 /* Preview Assets.xcassets */ = {isa = PBXFileReference; lastKnownFileType = folder.assetcatalog; path = "Preview Assets.xcassets"; sourceTree = "<group>"; };
		48CB5A452C35D1610063E6B0 /* giraffe.mp4 */ = {isa = PBXFileReference; lastKnownFileType = file; path = giraffe.mp4; sourceTree = "<group>"; };
		48CB5A462C35D1620063E6B0 /* zebra.mp4 */ = {isa = PBXFileReference; lastKnownFileType = file; path = zebra.mp4; sourceTree = "<group>"; };
		48CB5A472C35D1630063E6B0 /* rhino.mp4 */ = {isa = PBXFileReference; lastKnownFileType = file; path = rhino.mp4; sourceTree = "<group>"; };
		48CB5A482C35D1630063E6B0 /* hippo.mp4 */ = {isa = PBXFileReference; lastKnownFileType = file; path = hippo.mp4; sourceTree = "<group>"; };
		48CB5A492C35D1640063E6B0 /* elephant.mp4 */ = {isa = PBXFileReference; lastKnownFileType = file; path = elephant.mp4; sourceTree = "<group>"; };
		48CB5A4A2C35D1650063E6B0 /* ostrich.mp4 */ = {isa = PBXFileReference; lastKnownFileType = file; path = ostrich.mp4; sourceTree = "<group>"; };
		48CB5A4B2C35D1650063E6B0 /* gorilla.mp4 */ = {isa = PBXFileReference; lastKnownFileType = file; path = gorilla.mp4; sourceTree = "<group>"; };
		48CB5A4C2C35D1660063E6B0 /* lioness.mp4 */ = {isa = PBXFileReference; lastKnownFileType = file; path = lioness.mp4; sourceTree = "<group>"; };
		48CB5A4D2C35D1670063E6B0 /* lion.mp4 */ = {isa = PBXFileReference; lastKnownFileType = file; path = lion.mp4; sourceTree = "<group>"; };
		48CB5A4E2C35D1680063E6B0 /* cheetah.mp4 */ = {isa = PBXFileReference; lastKnownFileType = file; path = cheetah.mp4; sourceTree = "<group>"; };
		48CB5A5A2C35D25F0063E6B0 /* locations.json */ = {isa = PBXFileReference; fileEncoding = 4; lastKnownFileType = text.json; path = locations.json; sourceTree = "<group>"; };
		48CB5A5B2C35D25F0063E6B0 /* covers.json */ = {isa = PBXFileReference; fileEncoding = 4; lastKnownFileType = text.json; path = covers.json; sourceTree = "<group>"; };
		48CB5A5C2C35D25F0063E6B0 /* videos.json */ = {isa = PBXFileReference; fileEncoding = 4; lastKnownFileType = text.json; path = videos.json; sourceTree = "<group>"; };
		48CB5A5D2C35D25F0063E6B0 /* animals.json */ = {isa = PBXFileReference; fileEncoding = 4; lastKnownFileType = text.json; path = animals.json; sourceTree = "<group>"; };
		48CB5A622C35D5880063E6B0 /* Info.plist */ = {isa = PBXFileReference; lastKnownFileType = text.plist; path = Info.plist; sourceTree = "<group>"; };
		48CB5A642C35D7EB0063E6B0 /* VideoListView.swift */ = {isa = PBXFileReference; lastKnownFileType = sourcecode.swift; path = VideoListView.swift; sourceTree = "<group>"; };
		48CB5A662C35D8040063E6B0 /* MapView.swift */ = {isa = PBXFileReference; lastKnownFileType = sourcecode.swift; path = MapView.swift; sourceTree = "<group>"; };
		48CB5A682C35D81A0063E6B0 /* GalleryView.swift */ = {isa = PBXFileReference; lastKnownFileType = sourcecode.swift; path = GalleryView.swift; sourceTree = "<group>"; };
		48CB5A6A2C35D8230063E6B0 /* MainView.swift */ = {isa = PBXFileReference; lastKnownFileType = sourcecode.swift; path = MainView.swift; sourceTree = "<group>"; };
		48CB5A6D2C35E31C0063E6B0 /* CoreImageView.swift */ = {isa = PBXFileReference; lastKnownFileType = sourcecode.swift; path = CoreImageView.swift; sourceTree = "<group>"; };
		48CB5A702C3645380063E6B0 /* CoverImageModel.swift */ = {isa = PBXFileReference; lastKnownFileType = sourcecode.swift; path = CoverImageModel.swift; sourceTree = "<group>"; };
		48CB5A732C3646910063E6B0 /* CodableBundleExtension.swift */ = {isa = PBXFileReference; lastKnownFileType = sourcecode.swift; path = CodableBundleExtension.swift; sourceTree = "<group>"; };
/* End PBXFileReference section */

/* Begin PBXFrameworksBuildPhase section */
		48CB5A302C35CDF30063E6B0 /* Frameworks */ = {
			isa = PBXFrameworksBuildPhase;
			buildActionMask = 2147483647;
			files = (
			);
			runOnlyForDeploymentPostprocessing = 0;
		};
/* End PBXFrameworksBuildPhase section */

/* Begin PBXGroup section */
		48CB5A2A2C35CDF30063E6B0 = {
			isa = PBXGroup;
			children = (
				48CB5A352C35CDF30063E6B0 /* Africa */,
				48CB5A342C35CDF30063E6B0 /* Products */,
			);
			sourceTree = "<group>";
		};
		48CB5A342C35CDF30063E6B0 /* Products */ = {
			isa = PBXGroup;
			children = (
				48CB5A332C35CDF30063E6B0 /* Africa.app */,
			);
			name = Products;
			sourceTree = "<group>";
		};
		48CB5A352C35CDF30063E6B0 /* Africa */ = {
			isa = PBXGroup;
			children = (
				48CB5A722C3646780063E6B0 /* Extension */,
				48CB5A6F2C35E8620063E6B0 /* Model */,
				48CB5A6C2C35E2B20063E6B0 /* View */,
				48CB5A622C35D5880063E6B0 /* Info.plist */,
				48CB5A592C35D1890063E6B0 /* Data */,
				48CB5A442C35D1390063E6B0 /* Video */,
				48CB5A632C35D6980063E6B0 /* App */,
				48CB5A3A2C35CDF60063E6B0 /* Assets.xcassets */,
				48CB5A3C2C35CDF60063E6B0 /* Preview Content */,
			);
			path = Africa;
			sourceTree = "<group>";
		};
		48CB5A3C2C35CDF60063E6B0 /* Preview Content */ = {
			isa = PBXGroup;
			children = (
				48CB5A3D2C35CDF60063E6B0 /* Preview Assets.xcassets */,
			);
			path = "Preview Content";
			sourceTree = "<group>";
		};
		48CB5A442C35D1390063E6B0 /* Video */ = {
			isa = PBXGroup;
			children = (
				48CB5A4E2C35D1680063E6B0 /* cheetah.mp4 */,
				48CB5A492C35D1640063E6B0 /* elephant.mp4 */,
				48CB5A452C35D1610063E6B0 /* giraffe.mp4 */,
				48CB5A4B2C35D1650063E6B0 /* gorilla.mp4 */,
				48CB5A482C35D1630063E6B0 /* hippo.mp4 */,
				48CB5A4D2C35D1670063E6B0 /* lion.mp4 */,
				48CB5A4C2C35D1660063E6B0 /* lioness.mp4 */,
				48CB5A4A2C35D1650063E6B0 /* ostrich.mp4 */,
				48CB5A472C35D1630063E6B0 /* rhino.mp4 */,
				48CB5A462C35D1620063E6B0 /* zebra.mp4 */,
			);
			path = Video;
			sourceTree = "<group>";
		};
		48CB5A592C35D1890063E6B0 /* Data */ = {
			isa = PBXGroup;
			children = (
				48CB5A5D2C35D25F0063E6B0 /* animals.json */,
				48CB5A5B2C35D25F0063E6B0 /* covers.json */,
				48CB5A5A2C35D25F0063E6B0 /* locations.json */,
				48CB5A5C2C35D25F0063E6B0 /* videos.json */,
			);
			path = Data;
			sourceTree = "<group>";
		};
		48CB5A632C35D6980063E6B0 /* App */ = {
			isa = PBXGroup;
			children = (
				48CB5A362C35CDF30063E6B0 /* AfricaApp.swift */,
				48CB5A682C35D81A0063E6B0 /* GalleryView.swift */,
				48CB5A6A2C35D8230063E6B0 /* MainView.swift */,
				48CB5A642C35D7EB0063E6B0 /* VideoListView.swift */,
				48CB5A382C35CDF30063E6B0 /* ContentView.swift */,
				48CB5A662C35D8040063E6B0 /* MapView.swift */,
			);
			path = App;
			sourceTree = "<group>";
		};
		48CB5A6C2C35E2B20063E6B0 /* View */ = {
			isa = PBXGroup;
			children = (
				48CB5A6D2C35E31C0063E6B0 /* CoreImageView.swift */,
				481E435F2C3735400079B847 /* AnimalDetailView.swift */,
				481E435B2C371DEF0079B847 /* AnimalListItemView.swift */,
				481E43612C373BBA0079B847 /* HeadingView.swift */,
				481E43632C373E3B0079B847 /* InsetGalleryView.swift */,
				481E43652C3869D10079B847 /* InsectFactView.swift */,
				481E43672C386F180079B847 /* InsetMapView.swift */,
				481E43692C3877010079B847 /* ExternalWeblinkView.swift */,
			);
			path = View;
			sourceTree = "<group>";
		};
		48CB5A6F2C35E8620063E6B0 /* Model */ = {
			isa = PBXGroup;
			children = (
				48CB5A702C3645380063E6B0 /* CoverImageModel.swift */,
				481E435D2C3727BF0079B847 /* AnimalModel.swift */,
			);
			path = Model;
			sourceTree = "<group>";
		};
		48CB5A722C3646780063E6B0 /* Extension */ = {
			isa = PBXGroup;
			children = (
				48CB5A732C3646910063E6B0 /* CodableBundleExtension.swift */,
			);
			path = Extension;
			sourceTree = "<group>";
		};
/* End PBXGroup section */

/* Begin PBXNativeTarget section */
		48CB5A322C35CDF30063E6B0 /* Africa */ = {
			isa = PBXNativeTarget;
			buildConfigurationList = 48CB5A412C35CDF60063E6B0 /* Build configuration list for PBXNativeTarget "Africa" */;
			buildPhases = (
				48CB5A2F2C35CDF30063E6B0 /* Sources */,
				48CB5A302C35CDF30063E6B0 /* Frameworks */,
				48CB5A312C35CDF30063E6B0 /* Resources */,
			);
			buildRules = (
			);
			dependencies = (
			);
			name = Africa;
			productName = Africa;
			productReference = 48CB5A332C35CDF30063E6B0 /* Africa.app */;
			productType = "com.apple.product-type.application";
		};
/* End PBXNativeTarget section */

/* Begin PBXProject section */
		48CB5A2B2C35CDF30063E6B0 /* Project object */ = {
			isa = PBXProject;
			attributes = {
				BuildIndependentTargetsInParallel = 1;
				LastSwiftUpdateCheck = 1420;
				LastUpgradeCheck = 1420;
				TargetAttributes = {
					48CB5A322C35CDF30063E6B0 = {
						CreatedOnToolsVersion = 14.2;
					};
				};
			};
			buildConfigurationList = 48CB5A2E2C35CDF30063E6B0 /* Build configuration list for PBXProject "Africa" */;
			compatibilityVersion = "Xcode 14.0";
			developmentRegion = en;
			hasScannedForEncodings = 0;
			knownRegions = (
				en,
				Base,
			);
			mainGroup = 48CB5A2A2C35CDF30063E6B0;
			productRefGroup = 48CB5A342C35CDF30063E6B0 /* Products */;
			projectDirPath = "";
			projectRoot = "";
			targets = (
				48CB5A322C35CDF30063E6B0 /* Africa */,
			);
		};
/* End PBXProject section */

/* Begin PBXResourcesBuildPhase section */
		48CB5A312C35CDF30063E6B0 /* Resources */ = {
			isa = PBXResourcesBuildPhase;
			buildActionMask = 2147483647;
			files = (
				48CB5A5E2C35D25F0063E6B0 /* locations.json in Resources */,
				48CB5A502C35D1680063E6B0 /* zebra.mp4 in Resources */,
				48CB5A602C35D25F0063E6B0 /* videos.json in Resources */,
				48CB5A552C35D1680063E6B0 /* gorilla.mp4 in Resources */,
				48CB5A3E2C35CDF60063E6B0 /* Preview Assets.xcassets in Resources */,
				48CB5A3B2C35CDF60063E6B0 /* Assets.xcassets in Resources */,
				48CB5A512C35D1680063E6B0 /* rhino.mp4 in Resources */,
				48CB5A532C35D1680063E6B0 /* elephant.mp4 in Resources */,
				48CB5A5F2C35D25F0063E6B0 /* covers.json in Resources */,
				48CB5A612C35D25F0063E6B0 /* animals.json in Resources */,
				48CB5A522C35D1680063E6B0 /* hippo.mp4 in Resources */,
				48CB5A562C35D1680063E6B0 /* lioness.mp4 in Resources */,
				48CB5A582C35D1680063E6B0 /* cheetah.mp4 in Resources */,
				48CB5A572C35D1680063E6B0 /* lion.mp4 in Resources */,
				48CB5A542C35D1680063E6B0 /* ostrich.mp4 in Resources */,
				48CB5A4F2C35D1680063E6B0 /* giraffe.mp4 in Resources */,
			);
			runOnlyForDeploymentPostprocessing = 0;
		};
/* End PBXResourcesBuildPhase section */

/* Begin PBXSourcesBuildPhase section */
		48CB5A2F2C35CDF30063E6B0 /* Sources */ = {
			isa = PBXSourcesBuildPhase;
			buildActionMask = 2147483647;
			files = (
				481E436A2C3877010079B847 /* ExternalWeblinkView.swift in Sources */,
				48CB5A392C35CDF30063E6B0 /* ContentView.swift in Sources */,
				481E435C2C371DEF0079B847 /* AnimalListItemView.swift in Sources */,
				481E43662C3869D10079B847 /* InsectFactView.swift in Sources */,
				48CB5A6B2C35D8230063E6B0 /* MainView.swift in Sources */,
				48CB5A672C35D8040063E6B0 /* MapView.swift in Sources */,
				48CB5A712C3645380063E6B0 /* CoverImageModel.swift in Sources */,
				481E43602C3735400079B847 /* AnimalDetailView.swift in Sources */,
				481E435E2C3727BF0079B847 /* AnimalModel.swift in Sources */,
				48CB5A6E2C35E31C0063E6B0 /* CoreImageView.swift in Sources */,
				481E43682C386F180079B847 /* InsetMapView.swift in Sources */,
				48CB5A372C35CDF30063E6B0 /* AfricaApp.swift in Sources */,
				48CB5A652C35D7EB0063E6B0 /* VideoListView.swift in Sources */,
				48CB5A692C35D81A0063E6B0 /* GalleryView.swift in Sources */,
				481E43642C373E3B0079B847 /* InsetGalleryView.swift in Sources */,
				48CB5A742C3646910063E6B0 /* CodableBundleExtension.swift in Sources */,
				481E43622C373BBA0079B847 /* HeadingView.swift in Sources */,
			);
			runOnlyForDeploymentPostprocessing = 0;
		};
/* End PBXSourcesBuildPhase section */

/* Begin XCBuildConfiguration section */
		48CB5A3F2C35CDF60063E6B0 /* Debug */ = {
			isa = XCBuildConfiguration;
			buildSettings = {
				ALWAYS_SEARCH_USER_PATHS = NO;
				CLANG_ANALYZER_NONNULL = YES;
				CLANG_ANALYZER_NUMBER_OBJECT_CONVERSION = YES_AGGRESSIVE;
				CLANG_CXX_LANGUAGE_STANDARD = "gnu++20";
				CLANG_ENABLE_MODULES = YES;
				CLANG_ENABLE_OBJC_ARC = YES;
				CLANG_ENABLE_OBJC_WEAK = YES;
				CLANG_WARN_BLOCK_CAPTURE_AUTORELEASING = YES;
				CLANG_WARN_BOOL_CONVERSION = YES;
				CLANG_WARN_COMMA = YES;
				CLANG_WARN_CONSTANT_CONVERSION = YES;
				CLANG_WARN_DEPRECATED_OBJC_IMPLEMENTATIONS = YES;
				CLANG_WARN_DIRECT_OBJC_ISA_USAGE = YES_ERROR;
				CLANG_WARN_DOCUMENTATION_COMMENTS = YES;
				CLANG_WARN_EMPTY_BODY = YES;
				CLANG_WARN_ENUM_CONVERSION = YES;
				CLANG_WARN_INFINITE_RECURSION = YES;
				CLANG_WARN_INT_CONVERSION = YES;
				CLANG_WARN_NON_LITERAL_NULL_CONVERSION = YES;
				CLANG_WARN_OBJC_IMPLICIT_RETAIN_SELF = YES;
				CLANG_WARN_OBJC_LITERAL_CONVERSION = YES;
				CLANG_WARN_OBJC_ROOT_CLASS = YES_ERROR;
				CLANG_WARN_QUOTED_INCLUDE_IN_FRAMEWORK_HEADER = YES;
				CLANG_WARN_RANGE_LOOP_ANALYSIS = YES;
				CLANG_WARN_STRICT_PROTOTYPES = YES;
				CLANG_WARN_SUSPICIOUS_MOVE = YES;
				CLANG_WARN_UNGUARDED_AVAILABILITY = YES_AGGRESSIVE;
				CLANG_WARN_UNREACHABLE_CODE = YES;
				CLANG_WARN__DUPLICATE_METHOD_MATCH = YES;
				COPY_PHASE_STRIP = NO;
				DEBUG_INFORMATION_FORMAT = dwarf;
				ENABLE_STRICT_OBJC_MSGSEND = YES;
				ENABLE_TESTABILITY = YES;
				GCC_C_LANGUAGE_STANDARD = gnu11;
				GCC_DYNAMIC_NO_PIC = NO;
				GCC_NO_COMMON_BLOCKS = YES;
				GCC_OPTIMIZATION_LEVEL = 0;
				GCC_PREPROCESSOR_DEFINITIONS = (
					"DEBUG=1",
					"$(inherited)",
				);
				GCC_WARN_64_TO_32_BIT_CONVERSION = YES;
				GCC_WARN_ABOUT_RETURN_TYPE = YES_ERROR;
				GCC_WARN_UNDECLARED_SELECTOR = YES;
				GCC_WARN_UNINITIALIZED_AUTOS = YES_AGGRESSIVE;
				GCC_WARN_UNUSED_FUNCTION = YES;
				GCC_WARN_UNUSED_VARIABLE = YES;
				IPHONEOS_DEPLOYMENT_TARGET = 16.2;
				MTL_ENABLE_DEBUG_INFO = INCLUDE_SOURCE;
				MTL_FAST_MATH = YES;
				ONLY_ACTIVE_ARCH = YES;
				SDKROOT = iphoneos;
				SWIFT_ACTIVE_COMPILATION_CONDITIONS = DEBUG;
				SWIFT_OPTIMIZATION_LEVEL = "-Onone";
			};
			name = Debug;
		};
		48CB5A402C35CDF60063E6B0 /* Release */ = {
			isa = XCBuildConfiguration;
			buildSettings = {
				ALWAYS_SEARCH_USER_PATHS = NO;
				CLANG_ANALYZER_NONNULL = YES;
				CLANG_ANALYZER_NUMBER_OBJECT_CONVERSION = YES_AGGRESSIVE;
				CLANG_CXX_LANGUAGE_STANDARD = "gnu++20";
				CLANG_ENABLE_MODULES = YES;
				CLANG_ENABLE_OBJC_ARC = YES;
				CLANG_ENABLE_OBJC_WEAK = YES;
				CLANG_WARN_BLOCK_CAPTURE_AUTORELEASING = YES;
				CLANG_WARN_BOOL_CONVERSION = YES;
				CLANG_WARN_COMMA = YES;
				CLANG_WARN_CONSTANT_CONVERSION = YES;
				CLANG_WARN_DEPRECATED_OBJC_IMPLEMENTATIONS = YES;
				CLANG_WARN_DIRECT_OBJC_ISA_USAGE = YES_ERROR;
				CLANG_WARN_DOCUMENTATION_COMMENTS = YES;
				CLANG_WARN_EMPTY_BODY = YES;
				CLANG_WARN_ENUM_CONVERSION = YES;
				CLANG_WARN_INFINITE_RECURSION = YES;
				CLANG_WARN_INT_CONVERSION = YES;
				CLANG_WARN_NON_LITERAL_NULL_CONVERSION = YES;
				CLANG_WARN_OBJC_IMPLICIT_RETAIN_SELF = YES;
				CLANG_WARN_OBJC_LITERAL_CONVERSION = YES;
				CLANG_WARN_OBJC_ROOT_CLASS = YES_ERROR;
				CLANG_WARN_QUOTED_INCLUDE_IN_FRAMEWORK_HEADER = YES;
				CLANG_WARN_RANGE_LOOP_ANALYSIS = YES;
				CLANG_WARN_STRICT_PROTOTYPES = YES;
				CLANG_WARN_SUSPICIOUS_MOVE = YES;
				CLANG_WARN_UNGUARDED_AVAILABILITY = YES_AGGRESSIVE;
				CLANG_WARN_UNREACHABLE_CODE = YES;
				CLANG_WARN__DUPLICATE_METHOD_MATCH = YES;
				COPY_PHASE_STRIP = NO;
				DEBUG_INFORMATION_FORMAT = "dwarf-with-dsym";
				ENABLE_NS_ASSERTIONS = NO;
				ENABLE_STRICT_OBJC_MSGSEND = YES;
				GCC_C_LANGUAGE_STANDARD = gnu11;
				GCC_NO_COMMON_BLOCKS = YES;
				GCC_WARN_64_TO_32_BIT_CONVERSION = YES;
				GCC_WARN_ABOUT_RETURN_TYPE = YES_ERROR;
				GCC_WARN_UNDECLARED_SELECTOR = YES;
				GCC_WARN_UNINITIALIZED_AUTOS = YES_AGGRESSIVE;
				GCC_WARN_UNUSED_FUNCTION = YES;
				GCC_WARN_UNUSED_VARIABLE = YES;
				IPHONEOS_DEPLOYMENT_TARGET = 16.2;
				MTL_ENABLE_DEBUG_INFO = NO;
				MTL_FAST_MATH = YES;
				SDKROOT = iphoneos;
				SWIFT_COMPILATION_MODE = wholemodule;
				SWIFT_OPTIMIZATION_LEVEL = "-O";
				VALIDATE_PRODUCT = YES;
			};
			name = Release;
		};
		48CB5A422C35CDF60063E6B0 /* Debug */ = {
			isa = XCBuildConfiguration;
			buildSettings = {
				ASSETCATALOG_COMPILER_APPICON_NAME = AppIcon;
				ASSETCATALOG_COMPILER_GLOBAL_ACCENT_COLOR_NAME = AccentColor;
				CODE_SIGN_STYLE = Automatic;
				CURRENT_PROJECT_VERSION = 1;
				DEVELOPMENT_ASSET_PATHS = "\"Africa/Preview Content\"";
				DEVELOPMENT_TEAM = 28UNC76MDZ;
				ENABLE_PREVIEWS = YES;
				GENERATE_INFOPLIST_FILE = YES;
				INFOPLIST_FILE = Africa/Info.plist;
				INFOPLIST_KEY_UIApplicationSceneManifest_Generation = YES;
				INFOPLIST_KEY_UIApplicationSupportsIndirectInputEvents = YES;
				INFOPLIST_KEY_UISupportedInterfaceOrientations_iPad = "UIInterfaceOrientationPortrait UIInterfaceOrientationPortraitUpsideDown UIInterfaceOrientationLandscapeLeft UIInterfaceOrientationLandscapeRight";
				INFOPLIST_KEY_UISupportedInterfaceOrientations_iPhone = "UIInterfaceOrientationPortrait UIInterfaceOrientationLandscapeLeft UIInterfaceOrientationLandscapeRight";
				INFOPLIST_KEY_UIUserInterfaceStyle = Dark;
				LD_RUNPATH_SEARCH_PATHS = (
					"$(inherited)",
					"@executable_path/Frameworks",
				);
				MARKETING_VERSION = 1.0;
				PRODUCT_BUNDLE_IDENTIFIER = com.oscarmyerston.Africa;
				PRODUCT_NAME = "$(TARGET_NAME)";
				SWIFT_EMIT_LOC_STRINGS = YES;
				SWIFT_VERSION = 5.0;
				TARGETED_DEVICE_FAMILY = "1,2";
			};
			name = Debug;
		};
		48CB5A432C35CDF60063E6B0 /* Release */ = {
			isa = XCBuildConfiguration;
			buildSettings = {
				ASSETCATALOG_COMPILER_APPICON_NAME = AppIcon;
				ASSETCATALOG_COMPILER_GLOBAL_ACCENT_COLOR_NAME = AccentColor;
				CODE_SIGN_STYLE = Automatic;
				CURRENT_PROJECT_VERSION = 1;
				DEVELOPMENT_ASSET_PATHS = "\"Africa/Preview Content\"";
				DEVELOPMENT_TEAM = 28UNC76MDZ;
				ENABLE_PREVIEWS = YES;
				GENERATE_INFOPLIST_FILE = YES;
				INFOPLIST_FILE = Africa/Info.plist;
				INFOPLIST_KEY_UIApplicationSceneManifest_Generation = YES;
				INFOPLIST_KEY_UIApplicationSupportsIndirectInputEvents = YES;
				INFOPLIST_KEY_UISupportedInterfaceOrientations_iPad = "UIInterfaceOrientationPortrait UIInterfaceOrientationPortraitUpsideDown UIInterfaceOrientationLandscapeLeft UIInterfaceOrientationLandscapeRight";
				INFOPLIST_KEY_UISupportedInterfaceOrientations_iPhone = "UIInterfaceOrientationPortrait UIInterfaceOrientationLandscapeLeft UIInterfaceOrientationLandscapeRight";
				INFOPLIST_KEY_UIUserInterfaceStyle = Dark;
				LD_RUNPATH_SEARCH_PATHS = (
					"$(inherited)",
					"@executable_path/Frameworks",
				);
				MARKETING_VERSION = 1.0;
				PRODUCT_BUNDLE_IDENTIFIER = com.oscarmyerston.Africa;
				PRODUCT_NAME = "$(TARGET_NAME)";
				SWIFT_EMIT_LOC_STRINGS = YES;
				SWIFT_VERSION = 5.0;
				TARGETED_DEVICE_FAMILY = "1,2";
			};
			name = Release;
		};
/* End XCBuildConfiguration section */

/* Begin XCConfigurationList section */
		48CB5A2E2C35CDF30063E6B0 /* Build configuration list for PBXProject "Africa" */ = {
			isa = XCConfigurationList;
			buildConfigurations = (
				48CB5A3F2C35CDF60063E6B0 /* Debug */,
				48CB5A402C35CDF60063E6B0 /* Release */,
			);
			defaultConfigurationIsVisible = 0;
			defaultConfigurationName = Release;
		};
		48CB5A412C35CDF60063E6B0 /* Build configuration list for PBXNativeTarget "Africa" */ = {
			isa = XCConfigurationList;
			buildConfigurations = (
				48CB5A422C35CDF60063E6B0 /* Debug */,
				48CB5A432C35CDF60063E6B0 /* Release */,
			);
			defaultConfigurationIsVisible = 0;
			defaultConfigurationName = Release;
		};
/* End XCConfigurationList section */
	};
	rootObject = 48CB5A2B2C35CDF30063E6B0 /* Project object */;
}
